// !$*UTF8*$!
{
	archiveVersion = 1;
	classes = {
	};
	objectVersion = 46;
	objects = {

/* Begin PBXBuildFile section */
		C55A15261C4EBDC500EA6871 /* AppDelegate.swift in Sources */ = {isa = PBXBuildFile; fileRef = C55A15251C4EBDC500EA6871 /* AppDelegate.swift */; };
		C55A15281C4EBDC500EA6871 /* ViewController.swift in Sources */ = {isa = PBXBuildFile; fileRef = C55A15271C4EBDC500EA6871 /* ViewController.swift */; };
		C55A152B1C4EBDC500EA6871 /* Main.storyboard in Resources */ = {isa = PBXBuildFile; fileRef = C55A15291C4EBDC500EA6871 /* Main.storyboard */; };
		C55A152E1C4EBDC500EA6871 /* MYFLIX.xcdatamodeld in Sources */ = {isa = PBXBuildFile; fileRef = C55A152C1C4EBDC500EA6871 /* MYFLIX.xcdatamodeld */; };
		C55A15301C4EBDC500EA6871 /* Assets.xcassets in Resources */ = {isa = PBXBuildFile; fileRef = C55A152F1C4EBDC500EA6871 /* Assets.xcassets */; };
		C55A15331C4EBDC500EA6871 /* LaunchScreen.storyboard in Resources */ = {isa = PBXBuildFile; fileRef = C55A15311C4EBDC500EA6871 /* LaunchScreen.storyboard */; };
		C55A153C1C4F00D600EA6871 /* Movies+CoreDataProperties.swift in Sources */ = {isa = PBXBuildFile; fileRef = C55A153A1C4F00D600EA6871 /* Movies+CoreDataProperties.swift */; };
		C55A153D1C4F00D600EA6871 /* Movies.swift in Sources */ = {isa = PBXBuildFile; fileRef = C55A153B1C4F00D600EA6871 /* Movies.swift */; };
		C55A15421C4F015D00EA6871 /* AddMovieViewController.swift in Sources */ = {isa = PBXBuildFile; fileRef = C55A15411C4F015D00EA6871 /* AddMovieViewController.swift */; };
		C55A15441C4F025D00EA6871 /* MovieCell.swift in Sources */ = {isa = PBXBuildFile; fileRef = C55A15431C4F025D00EA6871 /* MovieCell.swift */; };
		C55A15B71C50387E00EA6871 /* ButtonExtender.swift in Sources */ = {isa = PBXBuildFile; fileRef = C55A15B41C50387E00EA6871 /* ButtonExtender.swift */; };
		C55A15B81C50387E00EA6871 /* ImageExtender.swift in Sources */ = {isa = PBXBuildFile; fileRef = C55A15B51C50387E00EA6871 /* ImageExtender.swift */; };
		C55A15B91C50387E00EA6871 /* ViewExtender.swift in Sources */ = {isa = PBXBuildFile; fileRef = C55A15B61C50387E00EA6871 /* ViewExtender.swift */; };
		C55A15BB1C504BFD00EA6871 /* TextViewExtender.swift in Sources */ = {isa = PBXBuildFile; fileRef = C55A15BA1C504BFD00EA6871 /* TextViewExtender.swift */; };
		C55A15BD1C518E2200EA6871 /* MovieDetailsViewController.swift in Sources */ = {isa = PBXBuildFile; fileRef = C55A15BC1C518E2200EA6871 /* MovieDetailsViewController.swift */; };
		C55A15BF1C52072700EA6871 /* VisualEffectsExtender.swift in Sources */ = {isa = PBXBuildFile; fileRef = C55A15BE1C52072700EA6871 /* VisualEffectsExtender.swift */; };
		C5B79C491C52F86C00F565BD /* TextFieldExtender.swift in Sources */ = {isa = PBXBuildFile; fileRef = C5B79C481C52F86C00F565BD /* TextFieldExtender.swift */; };
		C5B79C4E1C540E7F00F565BD /* screen1.png in Resources */ = {isa = PBXBuildFile; fileRef = C5B79C4A1C540E7F00F565BD /* screen1.png */; };
		C5B79C4F1C540E7F00F565BD /* screen2.png in Resources */ = {isa = PBXBuildFile; fileRef = C5B79C4B1C540E7F00F565BD /* screen2.png */; };
		C5B79C501C540E7F00F565BD /* screen3.png in Resources */ = {isa = PBXBuildFile; fileRef = C5B79C4C1C540E7F00F565BD /* screen3.png */; };
		C5B79C511C540E7F00F565BD /* screen4.png in Resources */ = {isa = PBXBuildFile; fileRef = C5B79C4D1C540E7F00F565BD /* screen4.png */; };
/* End PBXBuildFile section */

/* Begin PBXCopyFilesBuildPhase section */
		C55A15881C501A9900EA6871 /* Embed Frameworks */ = {
			isa = PBXCopyFilesBuildPhase;
			buildActionMask = 2147483647;
			dstPath = "";
			dstSubfolderSpec = 10;
			files = (
			);
			name = "Embed Frameworks";
			runOnlyForDeploymentPostprocessing = 0;
		};
/* End PBXCopyFilesBuildPhase section */

/* Begin PBXFileReference section */
		C55A15221C4EBDC500EA6871 /* MYFLIX.app */ = {isa = PBXFileReference; explicitFileType = wrapper.application; includeInIndex = 0; path = MYFLIX.app; sourceTree = BUILT_PRODUCTS_DIR; };
		C55A15251C4EBDC500EA6871 /* AppDelegate.swift */ = {isa = PBXFileReference; lastKnownFileType = sourcecode.swift; path = AppDelegate.swift; sourceTree = "<group>"; };
		C55A15271C4EBDC500EA6871 /* ViewController.swift */ = {isa = PBXFileReference; lastKnownFileType = sourcecode.swift; path = ViewController.swift; sourceTree = "<group>"; };
		C55A152A1C4EBDC500EA6871 /* Base */ = {isa = PBXFileReference; lastKnownFileType = file.storyboard; name = Base; path = Base.lproj/Main.storyboard; sourceTree = "<group>"; };
		C55A152D1C4EBDC500EA6871 /* MYFLIX.xcdatamodel */ = {isa = PBXFileReference; lastKnownFileType = wrapper.xcdatamodel; path = MYFLIX.xcdatamodel; sourceTree = "<group>"; };
		C55A152F1C4EBDC500EA6871 /* Assets.xcassets */ = {isa = PBXFileReference; lastKnownFileType = folder.assetcatalog; path = Assets.xcassets; sourceTree = "<group>"; };
		C55A15321C4EBDC500EA6871 /* Base */ = {isa = PBXFileReference; lastKnownFileType = file.storyboard; name = Base; path = Base.lproj/LaunchScreen.storyboard; sourceTree = "<group>"; };
		C55A15341C4EBDC500EA6871 /* Info.plist */ = {isa = PBXFileReference; lastKnownFileType = text.plist.xml; path = Info.plist; sourceTree = "<group>"; };
		C55A153A1C4F00D600EA6871 /* Movies+CoreDataProperties.swift */ = {isa = PBXFileReference; fileEncoding = 4; lastKnownFileType = sourcecode.swift; name = "Movies+CoreDataProperties.swift"; path = "../Movies+CoreDataProperties.swift"; sourceTree = "<group>"; };
		C55A153B1C4F00D600EA6871 /* Movies.swift */ = {isa = PBXFileReference; fileEncoding = 4; lastKnownFileType = sourcecode.swift; name = Movies.swift; path = ../Movies.swift; sourceTree = "<group>"; };
		C55A15411C4F015D00EA6871 /* AddMovieViewController.swift */ = {isa = PBXFileReference; fileEncoding = 4; lastKnownFileType = sourcecode.swift; path = AddMovieViewController.swift; sourceTree = "<group>"; };
		C55A15431C4F025D00EA6871 /* MovieCell.swift */ = {isa = PBXFileReference; fileEncoding = 4; lastKnownFileType = sourcecode.swift; path = MovieCell.swift; sourceTree = "<group>"; };
		C55A15B41C50387E00EA6871 /* ButtonExtender.swift */ = {isa = PBXFileReference; fileEncoding = 4; lastKnownFileType = sourcecode.swift; path = ButtonExtender.swift; sourceTree = "<group>"; };
		C55A15B51C50387E00EA6871 /* ImageExtender.swift */ = {isa = PBXFileReference; fileEncoding = 4; lastKnownFileType = sourcecode.swift; path = ImageExtender.swift; sourceTree = "<group>"; };
		C55A15B61C50387E00EA6871 /* ViewExtender.swift */ = {isa = PBXFileReference; fileEncoding = 4; lastKnownFileType = sourcecode.swift; path = ViewExtender.swift; sourceTree = "<group>"; };
		C55A15BA1C504BFD00EA6871 /* TextViewExtender.swift */ = {isa = PBXFileReference; fileEncoding = 4; lastKnownFileType = sourcecode.swift; path = TextViewExtender.swift; sourceTree = "<group>"; };
		C55A15BC1C518E2200EA6871 /* MovieDetailsViewController.swift */ = {isa = PBXFileReference; fileEncoding = 4; lastKnownFileType = sourcecode.swift; path = MovieDetailsViewController.swift; sourceTree = "<group>"; };
		C55A15BE1C52072700EA6871 /* VisualEffectsExtender.swift */ = {isa = PBXFileReference; fileEncoding = 4; lastKnownFileType = sourcecode.swift; path = VisualEffectsExtender.swift; sourceTree = "<group>"; };
		C5B79C481C52F86C00F565BD /* TextFieldExtender.swift */ = {isa = PBXFileReference; fileEncoding = 4; lastKnownFileType = sourcecode.swift; path = TextFieldExtender.swift; sourceTree = "<group>"; };
		C5B79C4A1C540E7F00F565BD /* screen1.png */ = {isa = PBXFileReference; lastKnownFileType = image.png; path = screen1.png; sourceTree = "<group>"; };
		C5B79C4B1C540E7F00F565BD /* screen2.png */ = {isa = PBXFileReference; lastKnownFileType = image.png; path = screen2.png; sourceTree = "<group>"; };
		C5B79C4C1C540E7F00F565BD /* screen3.png */ = {isa = PBXFileReference; lastKnownFileType = image.png; path = screen3.png; sourceTree = "<group>"; };
		C5B79C4D1C540E7F00F565BD /* screen4.png */ = {isa = PBXFileReference; lastKnownFileType = image.png; path = screen4.png; sourceTree = "<group>"; };
/* End PBXFileReference section */

/* Begin PBXFrameworksBuildPhase section */
		C55A151F1C4EBDC500EA6871 /* Frameworks */ = {
			isa = PBXFrameworksBuildPhase;
			buildActionMask = 2147483647;
			files = (
			);
			runOnlyForDeploymentPostprocessing = 0;
		};
/* End PBXFrameworksBuildPhase section */

/* Begin PBXGroup section */
		C55A15191C4EBDC500EA6871 = {
			isa = PBXGroup;
			children = (
				C55A15241C4EBDC500EA6871 /* MYFLIX */,
				C55A15231C4EBDC500EA6871 /* Products */,
				C5B79C4A1C540E7F00F565BD /* screen1.png */,
				C5B79C4B1C540E7F00F565BD /* screen2.png */,
				C5B79C4C1C540E7F00F565BD /* screen3.png */,
				C5B79C4D1C540E7F00F565BD /* screen4.png */,
			);
			sourceTree = "<group>";
		};
		C55A15231C4EBDC500EA6871 /* Products */ = {
			isa = PBXGroup;
			children = (
				C55A15221C4EBDC500EA6871 /* MYFLIX.app */,
			);
			name = Products;
			sourceTree = "<group>";
		};
		C55A15241C4EBDC500EA6871 /* MYFLIX */ = {
			isa = PBXGroup;
			children = (
				C55A15401C4F00F100EA6871 /* Controller */,
				C55A153F1C4F00EB00EA6871 /* View */,
				C55A153E1C4F00E500EA6871 /* Model */,
				C55A15251C4EBDC500EA6871 /* AppDelegate.swift */,
				C55A152F1C4EBDC500EA6871 /* Assets.xcassets */,
				C55A15311C4EBDC500EA6871 /* LaunchScreen.storyboard */,
				C55A15341C4EBDC500EA6871 /* Info.plist */,
				C55A152C1C4EBDC500EA6871 /* MYFLIX.xcdatamodeld */,
			);
			path = MYFLIX;
			sourceTree = "<group>";
		};
		C55A153E1C4F00E500EA6871 /* Model */ = {
			isa = PBXGroup;
			children = (
				C55A153A1C4F00D600EA6871 /* Movies+CoreDataProperties.swift */,
				C55A153B1C4F00D600EA6871 /* Movies.swift */,
			);
			name = Model;
			sourceTree = "<group>";
		};
		C55A153F1C4F00EB00EA6871 /* View */ = {
			isa = PBXGroup;
			children = (
				C55A15B41C50387E00EA6871 /* ButtonExtender.swift */,
				C55A15B51C50387E00EA6871 /* ImageExtender.swift */,
				C55A15B61C50387E00EA6871 /* ViewExtender.swift */,
				C55A15291C4EBDC500EA6871 /* Main.storyboard */,
				C55A15431C4F025D00EA6871 /* MovieCell.swift */,
				C55A15BA1C504BFD00EA6871 /* TextViewExtender.swift */,
				C55A15BE1C52072700EA6871 /* VisualEffectsExtender.swift */,
				C5B79C481C52F86C00F565BD /* TextFieldExtender.swift */,
			);
			name = View;
			sourceTree = "<group>";
		};
		C55A15401C4F00F100EA6871 /* Controller */ = {
			isa = PBXGroup;
			children = (
				C55A15271C4EBDC500EA6871 /* ViewController.swift */,
				C55A15411C4F015D00EA6871 /* AddMovieViewController.swift */,
				C55A15BC1C518E2200EA6871 /* MovieDetailsViewController.swift */,
			);
			name = Controller;
			sourceTree = "<group>";
		};
/* End PBXGroup section */

/* Begin PBXNativeTarget section */
		C55A15211C4EBDC500EA6871 /* MYFLIX */ = {
			isa = PBXNativeTarget;
			buildConfigurationList = C55A15371C4EBDC500EA6871 /* Build configuration list for PBXNativeTarget "MYFLIX" */;
			buildPhases = (
				C55A151E1C4EBDC500EA6871 /* Sources */,
				C55A151F1C4EBDC500EA6871 /* Frameworks */,
				C55A15201C4EBDC500EA6871 /* Resources */,
				C55A15881C501A9900EA6871 /* Embed Frameworks */,
			);
			buildRules = (
			);
			dependencies = (
			);
			name = MYFLIX;
			productName = MYFLIX;
			productReference = C55A15221C4EBDC500EA6871 /* MYFLIX.app */;
			productType = "com.apple.product-type.application";
		};
/* End PBXNativeTarget section */

/* Begin PBXProject section */
		C55A151A1C4EBDC500EA6871 /* Project object */ = {
			isa = PBXProject;
			attributes = {
				LastSwiftUpdateCheck = 0720;
				LastUpgradeCheck = 0720;
				ORGANIZATIONNAME = GetRunGo;
				TargetAttributes = {
					C55A15211C4EBDC500EA6871 = {
						CreatedOnToolsVersion = 7.2;
						DevelopmentTeam = 6BWKDGAU39;
					};
				};
			};
			buildConfigurationList = C55A151D1C4EBDC500EA6871 /* Build configuration list for PBXProject "MYFLIX" */;
			compatibilityVersion = "Xcode 3.2";
			developmentRegion = English;
			hasScannedForEncodings = 0;
			knownRegions = (
				en,
				Base,
			);
			mainGroup = C55A15191C4EBDC500EA6871;
			productRefGroup = C55A15231C4EBDC500EA6871 /* Products */;
			projectDirPath = "";
			projectRoot = "";
			targets = (
				C55A15211C4EBDC500EA6871 /* MYFLIX */,
			);
		};
/* End PBXProject section */

/* Begin PBXResourcesBuildPhase section */
		C55A15201C4EBDC500EA6871 /* Resources */ = {
			isa = PBXResourcesBuildPhase;
			buildActionMask = 2147483647;
			files = (
				C55A15331C4EBDC500EA6871 /* LaunchScreen.storyboard in Resources */,
				C5B79C501C540E7F00F565BD /* screen3.png in Resources */,
				C55A15301C4EBDC500EA6871 /* Assets.xcassets in Resources */,
				C5B79C511C540E7F00F565BD /* screen4.png in Resources */,
				C5B79C4F1C540E7F00F565BD /* screen2.png in Resources */,
				C55A152B1C4EBDC500EA6871 /* Main.storyboard in Resources */,
				C5B79C4E1C540E7F00F565BD /* screen1.png in Resources */,
			);
			runOnlyForDeploymentPostprocessing = 0;
		};
/* End PBXResourcesBuildPhase section */

/* Begin PBXSourcesBuildPhase section */
		C55A151E1C4EBDC500EA6871 /* Sources */ = {
			isa = PBXSourcesBuildPhase;
			buildActionMask = 2147483647;
			files = (
				C55A15441C4F025D00EA6871 /* MovieCell.swift in Sources */,
				C55A15BF1C52072700EA6871 /* VisualEffectsExtender.swift in Sources */,
				C55A153D1C4F00D600EA6871 /* Movies.swift in Sources */,
				C55A15B71C50387E00EA6871 /* ButtonExtender.swift in Sources */,
				C55A153C1C4F00D600EA6871 /* Movies+CoreDataProperties.swift in Sources */,
				C55A15BB1C504BFD00EA6871 /* TextViewExtender.swift in Sources */,
				C55A152E1C4EBDC500EA6871 /* MYFLIX.xcdatamodeld in Sources */,
				C55A15281C4EBDC500EA6871 /* ViewController.swift in Sources */,
				C5B79C491C52F86C00F565BD /* TextFieldExtender.swift in Sources */,
				C55A15261C4EBDC500EA6871 /* AppDelegate.swift in Sources */,
				C55A15BD1C518E2200EA6871 /* MovieDetailsViewController.swift in Sources */,
				C55A15B81C50387E00EA6871 /* ImageExtender.swift in Sources */,
				C55A15421C4F015D00EA6871 /* AddMovieViewController.swift in Sources */,
				C55A15B91C50387E00EA6871 /* ViewExtender.swift in Sources */,
			);
			runOnlyForDeploymentPostprocessing = 0;
		};
/* End PBXSourcesBuildPhase section */

/* Begin PBXVariantGroup section */
		C55A15291C4EBDC500EA6871 /* Main.storyboard */ = {
			isa = PBXVariantGroup;
			children = (
				C55A152A1C4EBDC500EA6871 /* Base */,
			);
			name = Main.storyboard;
			sourceTree = "<group>";
		};
		C55A15311C4EBDC500EA6871 /* LaunchScreen.storyboard */ = {
			isa = PBXVariantGroup;
			children = (
				C55A15321C4EBDC500EA6871 /* Base */,
			);
			name = LaunchScreen.storyboard;
			sourceTree = "<group>";
		};
/* End PBXVariantGroup section */

/* Begin XCBuildConfiguration section */
		C55A15351C4EBDC500EA6871 /* Debug */ = {
			isa = XCBuildConfiguration;
			buildSettings = {
				ALWAYS_SEARCH_USER_PATHS = NO;
				CLANG_CXX_LANGUAGE_STANDARD = "gnu++0x";
				CLANG_CXX_LIBRARY = "libc++";
				CLANG_ENABLE_MODULES = YES;
				CLANG_ENABLE_OBJC_ARC = YES;
				CLANG_WARN_BOOL_CONVERSION = YES;
				CLANG_WARN_CONSTANT_CONVERSION = YES;
				CLANG_WARN_DIRECT_OBJC_ISA_USAGE = YES_ERROR;
				CLANG_WARN_EMPTY_BODY = YES;
				CLANG_WARN_ENUM_CONVERSION = YES;
				CLANG_WARN_INT_CONVERSION = YES;
				CLANG_WARN_OBJC_ROOT_CLASS = YES_ERROR;
				CLANG_WARN_UNREACHABLE_CODE = YES;
				CLANG_WARN__DUPLICATE_METHOD_MATCH = YES;
				"CODE_SIGN_IDENTITY[sdk=iphoneos*]" = "iPhone Developer";
				COPY_PHASE_STRIP = NO;
				DEBUG_INFORMATION_FORMAT = dwarf;
				ENABLE_STRICT_OBJC_MSGSEND = YES;
				ENABLE_TESTABILITY = YES;
				GCC_C_LANGUAGE_STANDARD = gnu99;
				GCC_DYNAMIC_NO_PIC = NO;
				GCC_NO_COMMON_BLOCKS = YES;
				GCC_OPTIMIZATION_LEVEL = 0;
				GCC_PREPROCESSOR_DEFINITIONS = (
					"DEBUG=1",
					"$(inherited)",
				);
				GCC_WARN_64_TO_32_BIT_CONVERSION = YES;
				GCC_WARN_ABOUT_RETURN_TYPE = YES_ERROR;
				GCC_WARN_UNDECLARED_SELECTOR = YES;
				GCC_WARN_UNINITIALIZED_AUTOS = YES_AGGRESSIVE;
				GCC_WARN_UNUSED_FUNCTION = YES;
				GCC_WARN_UNUSED_VARIABLE = YES;
				IPHONEOS_DEPLOYMENT_TARGET = 9.2;
				MTL_ENABLE_DEBUG_INFO = YES;
				ONLY_ACTIVE_ARCH = YES;
				SDKROOT = iphoneos;
				SWIFT_OPTIMIZATION_LEVEL = "-Onone";
				TARGETED_DEVICE_FAMILY = "1,2";
			};
			name = Debug;
		};
		C55A15361C4EBDC500EA6871 /* Release */ = {
			isa = XCBuildConfiguration;
			buildSettings = {
				ALWAYS_SEARCH_USER_PATHS = NO;
				CLANG_CXX_LANGUAGE_STANDARD = "gnu++0x";
				CLANG_CXX_LIBRARY = "libc++";
				CLANG_ENABLE_MODULES = YES;
				CLANG_ENABLE_OBJC_ARC = YES;
				CLANG_WARN_BOOL_CONVERSION = YES;
				CLANG_WARN_CONSTANT_CONVERSION = YES;
				CLANG_WARN_DIRECT_OBJC_ISA_USAGE = YES_ERROR;
				CLANG_WARN_EMPTY_BODY = YES;
				CLANG_WARN_ENUM_CONVERSION = YES;
				CLANG_WARN_INT_CONVERSION = YES;
				CLANG_WARN_OBJC_ROOT_CLASS = YES_ERROR;
				CLANG_WARN_UNREACHABLE_CODE = YES;
				CLANG_WARN__DUPLICATE_METHOD_MATCH = YES;
				"CODE_SIGN_IDENTITY[sdk=iphoneos*]" = "iPhone Developer";
				COPY_PHASE_STRIP = NO;
				DEBUG_INFORMATION_FORMAT = "dwarf-with-dsym";
				ENABLE_NS_ASSERTIONS = NO;
				ENABLE_STRICT_OBJC_MSGSEND = YES;
				GCC_C_LANGUAGE_STANDARD = gnu99;
				GCC_NO_COMMON_BLOCKS = YES;
				GCC_WARN_64_TO_32_BIT_CONVERSION = YES;
				GCC_WARN_ABOUT_RETURN_TYPE = YES_ERROR;
				GCC_WARN_UNDECLARED_SELECTOR = YES;
				GCC_WARN_UNINITIALIZED_AUTOS = YES_AGGRESSIVE;
				GCC_WARN_UNUSED_FUNCTION = YES;
				GCC_WARN_UNUSED_VARIABLE = YES;
				IPHONEOS_DEPLOYMENT_TARGET = 9.2;
				MTL_ENABLE_DEBUG_INFO = NO;
				SDKROOT = iphoneos;
				TARGETED_DEVICE_FAMILY = "1,2";
				VALIDATE_PRODUCT = YES;
			};
			name = Release;
		};
		C55A15381C4EBDC500EA6871 /* Debug */ = {
			isa = XCBuildConfiguration;
			buildSettings = {
				ASSETCATALOG_COMPILER_APPICON_NAME = AppIcon;
				EMBEDDED_CONTENT_CONTAINS_SWIFT = YES;
				INFOPLIST_FILE = MYFLIX/Info.plist;
				LD_RUNPATH_SEARCH_PATHS = "$(inherited) @executable_path/Frameworks";
				PRODUCT_BUNDLE_IDENTIFIER = com.GetRunGo.MYFLIX;
				PRODUCT_NAME = "$(TARGET_NAME)";
			};
			name = Debug;
		};
		C55A15391C4EBDC500EA6871 /* Release */ = {
			isa = XCBuildConfiguration;
			buildSettings = {
				ASSETCATALOG_COMPILER_APPICON_NAME = AppIcon;
				EMBEDDED_CONTENT_CONTAINS_SWIFT = YES;
				INFOPLIST_FILE = MYFLIX/Info.plist;
				LD_RUNPATH_SEARCH_PATHS = "$(inherited) @executable_path/Frameworks";
				PRODUCT_BUNDLE_IDENTIFIER = com.GetRunGo.MYFLIX;
				PRODUCT_NAME = "$(TARGET_NAME)";
			};
			name = Release;
		};
/* End XCBuildConfiguration section */

/* Begin XCConfigurationList section */
		C55A151D1C4EBDC500EA6871 /* Build configuration list for PBXProject "MYFLIX" */ = {
			isa = XCConfigurationList;
			buildConfigurations = (
				C55A15351C4EBDC500EA6871 /* Debug */,
				C55A15361C4EBDC500EA6871 /* Release */,
			);
			defaultConfigurationIsVisible = 0;
			defaultConfigurationName = Release;
		};
		C55A15371C4EBDC500EA6871 /* Build configuration list for PBXNativeTarget "MYFLIX" */ = {
			isa = XCConfigurationList;
			buildConfigurations = (
				C55A15381C4EBDC500EA6871 /* Debug */,
				C55A15391C4EBDC500EA6871 /* Release */,
			);
			defaultConfigurationIsVisible = 0;
			defaultConfigurationName = Release;
		};
/* End XCConfigurationList section */

/* Begin XCVersionGroup section */
		C55A152C1C4EBDC500EA6871 /* MYFLIX.xcdatamodeld */ = {
			isa = XCVersionGroup;
			children = (
				C55A152D1C4EBDC500EA6871 /* MYFLIX.xcdatamodel */,
			);
			currentVersion = C55A152D1C4EBDC500EA6871 /* MYFLIX.xcdatamodel */;
			path = MYFLIX.xcdatamodeld;
			sourceTree = "<group>";
			versionGroupType = wrapper.xcdatamodel;
		};
/* End XCVersionGroup section */
	};
	rootObject = C55A151A1C4EBDC500EA6871 /* Project object */;
}
